
Microsoft Visual Studio Solution File, Format Version 12.00
# Visual Studio Version 17
VisualStudioVersion = 17.6.33815.320
MinimumVisualStudioVersion = 10.0.40219.1
Project("{FAE04EC0-301F-11D3-BF4B-00C04F79EFBC}") = "Capitulo02", "Capitulo02\Capitulo02.csproj", "{653CB482-105D-41FD-A90E-9B0E0394BCBF}"
EndProject
Global
	GlobalSection(SolutionConfigurationPlatforms) = preSolution
		Debug|Any CPU = Debug|Any CPU
		Release|Any CPU = Release|Any CPU
	EndGlobalSection
	GlobalSection(ProjectConfigurationPlatforms) = postSolution
		{653CB482-105D-41FD-A90E-9B0E0394BCBF}.Debug|Any CPU.ActiveCfg = Debug|Any CPU
		{653CB482-105D-41FD-A90E-9B0E0394BCBF}.Debug|Any CPU.Build.0 = Debug|Any CPU
		{653CB482-105D-41FD-A90E-9B0E0394BCBF}.Release|Any CPU.ActiveCfg = Release|Any CPU
		{653CB482-105D-41FD-A90E-9B0E0394BCBF}.Release|Any CPU.Build.0 = Release|Any CPU
	EndGlobalSection
	GlobalSection(SolutionProperties) = preSolution
		HideSolutionNode = FALSE
	EndGlobalSection
	GlobalSection(ExtensibilityGlobals) = postSolution
		SolutionGuid = {D1011F29-A547-45B8-B8F3-3BC6DE841683}
	EndGlobalSection
EndGlobal
